// !$*UTF8*$!
{
	archiveVersion = 1;
	classes = {
	};
	objectVersion = 46;
	objects = {

/* Begin PBXBuildFile section */
		8C14695418D37D1100C0AF2F /* Foundation.framework in Frameworks */ = {isa = PBXBuildFile; fileRef = 8C14695318D37D1100C0AF2F /* Foundation.framework */; };
		8C14695618D37D1100C0AF2F /* CoreGraphics.framework in Frameworks */ = {isa = PBXBuildFile; fileRef = 8C14695518D37D1100C0AF2F /* CoreGraphics.framework */; };
		8C14695818D37D1100C0AF2F /* UIKit.framework in Frameworks */ = {isa = PBXBuildFile; fileRef = 8C14695718D37D1100C0AF2F /* UIKit.framework */; };
		8C14695E18D37D1100C0AF2F /* InfoPlist.strings in Resources */ = {isa = PBXBuildFile; fileRef = 8C14695C18D37D1100C0AF2F /* InfoPlist.strings */; };
		8C14696018D37D1100C0AF2F /* main.m in Sources */ = {isa = PBXBuildFile; fileRef = 8C14695F18D37D1100C0AF2F /* main.m */; };
		8C14696418D37D1100C0AF2F /* NDTAppDelegate.m in Sources */ = {isa = PBXBuildFile; fileRef = 8C14696318D37D1100C0AF2F /* NDTAppDelegate.m */; };
		8C14696718D37D1100C0AF2F /* Main.storyboard in Resources */ = {isa = PBXBuildFile; fileRef = 8C14696518D37D1100C0AF2F /* Main.storyboard */; };
		8C14696A18D37D1100C0AF2F /* NDTViewController.m in Sources */ = {isa = PBXBuildFile; fileRef = 8C14696918D37D1100C0AF2F /* NDTViewController.m */; };
		8C14696C18D37D1100C0AF2F /* Images.xcassets in Resources */ = {isa = PBXBuildFile; fileRef = 8C14696B18D37D1100C0AF2F /* Images.xcassets */; };
		8C14697318D37D1100C0AF2F /* XCTest.framework in Frameworks */ = {isa = PBXBuildFile; fileRef = 8C14697218D37D1100C0AF2F /* XCTest.framework */; };
		8C14697418D37D1100C0AF2F /* Foundation.framework in Frameworks */ = {isa = PBXBuildFile; fileRef = 8C14695318D37D1100C0AF2F /* Foundation.framework */; };
		8C14697518D37D1100C0AF2F /* UIKit.framework in Frameworks */ = {isa = PBXBuildFile; fileRef = 8C14695718D37D1100C0AF2F /* UIKit.framework */; };
		8C14697D18D37D1100C0AF2F /* InfoPlist.strings in Resources */ = {isa = PBXBuildFile; fileRef = 8C14697B18D37D1100C0AF2F /* InfoPlist.strings */; };
		8C14697F18D37D1100C0AF2F /* TekHouseTests.m in Sources */ = {isa = PBXBuildFile; fileRef = 8C14697E18D37D1100C0AF2F /* TekHouseTests.m */; };
		8C14698918D37DD500C0AF2F /* CoreBluetooth.framework in Frameworks */ = {isa = PBXBuildFile; fileRef = 8C14698818D37DD500C0AF2F /* CoreBluetooth.framework */; };
		8C14698E18D37E1F00C0AF2F /* BLE.m in Sources */ = {isa = PBXBuildFile; fileRef = 8C14698C18D37E1F00C0AF2F /* BLE.m */; };
/* End PBXBuildFile section */

/* Begin PBXContainerItemProxy section */
		8C14697618D37D1100C0AF2F /* PBXContainerItemProxy */ = {
			isa = PBXContainerItemProxy;
			containerPortal = 8C14694818D37D1100C0AF2F /* Project object */;
			proxyType = 1;
			remoteGlobalIDString = 8C14694F18D37D1100C0AF2F;
			remoteInfo = TekHouse;
		};
/* End PBXContainerItemProxy section */

/* Begin PBXFileReference section */
		8C14695018D37D1100C0AF2F /* TekHouse.app */ = {isa = PBXFileReference; explicitFileType = wrapper.application; includeInIndex = 0; path = TekHouse.app; sourceTree = BUILT_PRODUCTS_DIR; };
		8C14695318D37D1100C0AF2F /* Foundation.framework */ = {isa = PBXFileReference; lastKnownFileType = wrapper.framework; name = Foundation.framework; path = System/Library/Frameworks/Foundation.framework; sourceTree = SDKROOT; };
		8C14695518D37D1100C0AF2F /* CoreGraphics.framework */ = {isa = PBXFileReference; lastKnownFileType = wrapper.framework; name = CoreGraphics.framework; path = System/Library/Frameworks/CoreGraphics.framework; sourceTree = SDKROOT; };
		8C14695718D37D1100C0AF2F /* UIKit.framework */ = {isa = PBXFileReference; lastKnownFileType = wrapper.framework; name = UIKit.framework; path = System/Library/Frameworks/UIKit.framework; sourceTree = SDKROOT; };
		8C14695B18D37D1100C0AF2F /* TekHouse-Info.plist */ = {isa = PBXFileReference; lastKnownFileType = text.plist.xml; path = "TekHouse-Info.plist"; sourceTree = "<group>"; };
		8C14695D18D37D1100C0AF2F /* en */ = {isa = PBXFileReference; lastKnownFileType = text.plist.strings; name = en; path = en.lproj/InfoPlist.strings; sourceTree = "<group>"; };
		8C14695F18D37D1100C0AF2F /* main.m */ = {isa = PBXFileReference; lastKnownFileType = sourcecode.c.objc; path = main.m; sourceTree = "<group>"; };
		8C14696118D37D1100C0AF2F /* TekHouse-Prefix.pch */ = {isa = PBXFileReference; lastKnownFileType = sourcecode.c.h; path = "TekHouse-Prefix.pch"; sourceTree = "<group>"; };
		8C14696218D37D1100C0AF2F /* NDTAppDelegate.h */ = {isa = PBXFileReference; lastKnownFileType = sourcecode.c.h; path = NDTAppDelegate.h; sourceTree = "<group>"; };
		8C14696318D37D1100C0AF2F /* NDTAppDelegate.m */ = {isa = PBXFileReference; lastKnownFileType = sourcecode.c.objc; path = NDTAppDelegate.m; sourceTree = "<group>"; };
		8C14696618D37D1100C0AF2F /* Base */ = {isa = PBXFileReference; lastKnownFileType = file.storyboard; name = Base; path = Base.lproj/Main.storyboard; sourceTree = "<group>"; };
		8C14696818D37D1100C0AF2F /* NDTViewController.h */ = {isa = PBXFileReference; lastKnownFileType = sourcecode.c.h; path = NDTViewController.h; sourceTree = "<group>"; };
		8C14696918D37D1100C0AF2F /* NDTViewController.m */ = {isa = PBXFileReference; lastKnownFileType = sourcecode.c.objc; path = NDTViewController.m; sourceTree = "<group>"; };
		8C14696B18D37D1100C0AF2F /* Images.xcassets */ = {isa = PBXFileReference; lastKnownFileType = folder.assetcatalog; path = Images.xcassets; sourceTree = "<group>"; };
		8C14697118D37D1100C0AF2F /* TekHouseTests.xctest */ = {isa = PBXFileReference; explicitFileType = wrapper.cfbundle; includeInIndex = 0; path = TekHouseTests.xctest; sourceTree = BUILT_PRODUCTS_DIR; };
		8C14697218D37D1100C0AF2F /* XCTest.framework */ = {isa = PBXFileReference; lastKnownFileType = wrapper.framework; name = XCTest.framework; path = Library/Frameworks/XCTest.framework; sourceTree = DEVELOPER_DIR; };
		8C14697A18D37D1100C0AF2F /* TekHouseTests-Info.plist */ = {isa = PBXFileReference; lastKnownFileType = text.plist.xml; path = "TekHouseTests-Info.plist"; sourceTree = "<group>"; };
		8C14697C18D37D1100C0AF2F /* en */ = {isa = PBXFileReference; lastKnownFileType = text.plist.strings; name = en; path = en.lproj/InfoPlist.strings; sourceTree = "<group>"; };
		8C14697E18D37D1100C0AF2F /* TekHouseTests.m */ = {isa = PBXFileReference; lastKnownFileType = sourcecode.c.objc; path = TekHouseTests.m; sourceTree = "<group>"; };
		8C14698818D37DD500C0AF2F /* CoreBluetooth.framework */ = {isa = PBXFileReference; lastKnownFileType = wrapper.framework; name = CoreBluetooth.framework; path = System/Library/Frameworks/CoreBluetooth.framework; sourceTree = SDKROOT; };
		8C14698B18D37E1F00C0AF2F /* BLE.h */ = {isa = PBXFileReference; fileEncoding = 4; lastKnownFileType = sourcecode.c.h; path = BLE.h; sourceTree = "<group>"; };
		8C14698C18D37E1F00C0AF2F /* BLE.m */ = {isa = PBXFileReference; fileEncoding = 4; lastKnownFileType = sourcecode.c.objc; path = BLE.m; sourceTree = "<group>"; };
		8C14698D18D37E1F00C0AF2F /* BLEDefines.h */ = {isa = PBXFileReference; fileEncoding = 4; lastKnownFileType = sourcecode.c.h; path = BLEDefines.h; sourceTree = "<group>"; };
/* End PBXFileReference section */

/* Begin PBXFrameworksBuildPhase section */
		8C14694D18D37D1100C0AF2F /* Frameworks */ = {
			isa = PBXFrameworksBuildPhase;
			buildActionMask = 2147483647;
			files = (
				8C14698918D37DD500C0AF2F /* CoreBluetooth.framework in Frameworks */,
				8C14695618D37D1100C0AF2F /* CoreGraphics.framework in Frameworks */,
				8C14695818D37D1100C0AF2F /* UIKit.framework in Frameworks */,
				8C14695418D37D1100C0AF2F /* Foundation.framework in Frameworks */,
			);
			runOnlyForDeploymentPostprocessing = 0;
		};
		8C14696E18D37D1100C0AF2F /* Frameworks */ = {
			isa = PBXFrameworksBuildPhase;
			buildActionMask = 2147483647;
			files = (
				8C14697318D37D1100C0AF2F /* XCTest.framework in Frameworks */,
				8C14697518D37D1100C0AF2F /* UIKit.framework in Frameworks */,
				8C14697418D37D1100C0AF2F /* Foundation.framework in Frameworks */,
			);
			runOnlyForDeploymentPostprocessing = 0;
		};
/* End PBXFrameworksBuildPhase section */

/* Begin PBXGroup section */
		8C14694718D37D1100C0AF2F = {
			isa = PBXGroup;
			children = (
				8C14695918D37D1100C0AF2F /* TekHouse */,
				8C14697818D37D1100C0AF2F /* TekHouseTests */,
				8C14695218D37D1100C0AF2F /* Frameworks */,
				8C14695118D37D1100C0AF2F /* Products */,
			);
			sourceTree = "<group>";
		};
		8C14695118D37D1100C0AF2F /* Products */ = {
			isa = PBXGroup;
			children = (
				8C14695018D37D1100C0AF2F /* TekHouse.app */,
				8C14697118D37D1100C0AF2F /* TekHouseTests.xctest */,
			);
			name = Products;
			sourceTree = "<group>";
		};
		8C14695218D37D1100C0AF2F /* Frameworks */ = {
			isa = PBXGroup;
			children = (
				8C14698A18D37E1F00C0AF2F /* BLE */,
				8C14698818D37DD500C0AF2F /* CoreBluetooth.framework */,
				8C14695318D37D1100C0AF2F /* Foundation.framework */,
				8C14695518D37D1100C0AF2F /* CoreGraphics.framework */,
				8C14695718D37D1100C0AF2F /* UIKit.framework */,
				8C14697218D37D1100C0AF2F /* XCTest.framework */,
			);
			name = Frameworks;
			sourceTree = "<group>";
		};
		8C14695918D37D1100C0AF2F /* TekHouse */ = {
			isa = PBXGroup;
			children = (
				8C14696218D37D1100C0AF2F /* NDTAppDelegate.h */,
				8C14696318D37D1100C0AF2F /* NDTAppDelegate.m */,
				8C14696518D37D1100C0AF2F /* Main.storyboard */,
				8C14696818D37D1100C0AF2F /* NDTViewController.h */,
				8C14696918D37D1100C0AF2F /* NDTViewController.m */,
				8C14696B18D37D1100C0AF2F /* Images.xcassets */,
				8C14695A18D37D1100C0AF2F /* Supporting Files */,
			);
			path = TekHouse;
			sourceTree = "<group>";
		};
		8C14695A18D37D1100C0AF2F /* Supporting Files */ = {
			isa = PBXGroup;
			children = (
				8C14695B18D37D1100C0AF2F /* TekHouse-Info.plist */,
				8C14695C18D37D1100C0AF2F /* InfoPlist.strings */,
				8C14695F18D37D1100C0AF2F /* main.m */,
				8C14696118D37D1100C0AF2F /* TekHouse-Prefix.pch */,
			);
			name = "Supporting Files";
			sourceTree = "<group>";
		};
		8C14697818D37D1100C0AF2F /* TekHouseTests */ = {
			isa = PBXGroup;
			children = (
				8C14697E18D37D1100C0AF2F /* TekHouseTests.m */,
				8C14697918D37D1100C0AF2F /* Supporting Files */,
			);
			path = TekHouseTests;
			sourceTree = "<group>";
		};
		8C14697918D37D1100C0AF2F /* Supporting Files */ = {
			isa = PBXGroup;
			children = (
				8C14697A18D37D1100C0AF2F /* TekHouseTests-Info.plist */,
				8C14697B18D37D1100C0AF2F /* InfoPlist.strings */,
			);
			name = "Supporting Files";
			sourceTree = "<group>";
		};
		8C14698A18D37E1F00C0AF2F /* BLE */ = {
			isa = PBXGroup;
			children = (
				8C14698B18D37E1F00C0AF2F /* BLE.h */,
				8C14698C18D37E1F00C0AF2F /* BLE.m */,
				8C14698D18D37E1F00C0AF2F /* BLEDefines.h */,
			);
			name = BLE;
			path = ../../../../../Desktop/SimpleControls_iOS/SimpleControls/BLE;
			sourceTree = "<group>";
		};
/* End PBXGroup section */

/* Begin PBXNativeTarget section */
		8C14694F18D37D1100C0AF2F /* TekHouse */ = {
			isa = PBXNativeTarget;
			buildConfigurationList = 8C14698218D37D1100C0AF2F /* Build configuration list for PBXNativeTarget "TekHouse" */;
			buildPhases = (
				8C14694C18D37D1100C0AF2F /* Sources */,
				8C14694D18D37D1100C0AF2F /* Frameworks */,
				8C14694E18D37D1100C0AF2F /* Resources */,
			);
			buildRules = (
			);
			dependencies = (
			);
			name = TekHouse;
			productName = TekHouse;
			productReference = 8C14695018D37D1100C0AF2F /* TekHouse.app */;
			productType = "com.apple.product-type.application";
		};
		8C14697018D37D1100C0AF2F /* TekHouseTests */ = {
			isa = PBXNativeTarget;
			buildConfigurationList = 8C14698518D37D1100C0AF2F /* Build configuration list for PBXNativeTarget "TekHouseTests" */;
			buildPhases = (
				8C14696D18D37D1100C0AF2F /* Sources */,
				8C14696E18D37D1100C0AF2F /* Frameworks */,
				8C14696F18D37D1100C0AF2F /* Resources */,
			);
			buildRules = (
			);
			dependencies = (
				8C14697718D37D1100C0AF2F /* PBXTargetDependency */,
			);
			name = TekHouseTests;
			productName = TekHouseTests;
			productReference = 8C14697118D37D1100C0AF2F /* TekHouseTests.xctest */;
			productType = "com.apple.product-type.bundle.unit-test";
		};
/* End PBXNativeTarget section */

/* Begin PBXProject section */
		8C14694818D37D1100C0AF2F /* Project object */ = {
			isa = PBXProject;
			attributes = {
				CLASSPREFIX = NDT;
				LastUpgradeCheck = 0510;
				ORGANIZATIONNAME = "Ravin Sardal";
				TargetAttributes = {
					8C14697018D37D1100C0AF2F = {
						TestTargetID = 8C14694F18D37D1100C0AF2F;
					};
				};
			};
			buildConfigurationList = 8C14694B18D37D1100C0AF2F /* Build configuration list for PBXProject "TekHouse" */;
			compatibilityVersion = "Xcode 3.2";
			developmentRegion = English;
			hasScannedForEncodings = 0;
			knownRegions = (
				en,
				Base,
			);
			mainGroup = 8C14694718D37D1100C0AF2F;
			productRefGroup = 8C14695118D37D1100C0AF2F /* Products */;
			projectDirPath = "";
			projectRoot = "";
			targets = (
				8C14694F18D37D1100C0AF2F /* TekHouse */,
				8C14697018D37D1100C0AF2F /* TekHouseTests */,
			);
		};
/* End PBXProject section */

/* Begin PBXResourcesBuildPhase section */
		8C14694E18D37D1100C0AF2F /* Resources */ = {
			isa = PBXResourcesBuildPhase;
			buildActionMask = 2147483647;
			files = (
				8C14696C18D37D1100C0AF2F /* Images.xcassets in Resources */,
				8C14695E18D37D1100C0AF2F /* InfoPlist.strings in Resources */,
				8C14696718D37D1100C0AF2F /* Main.storyboard in Resources */,
			);
			runOnlyForDeploymentPostprocessing = 0;
		};
		8C14696F18D37D1100C0AF2F /* Resources */ = {
			isa = PBXResourcesBuildPhase;
			buildActionMask = 2147483647;
			files = (
				8C14697D18D37D1100C0AF2F /* InfoPlist.strings in Resources */,
			);
			runOnlyForDeploymentPostprocessing = 0;
		};
/* End PBXResourcesBuildPhase section */

/* Begin PBXSourcesBuildPhase section */
		8C14694C18D37D1100C0AF2F /* Sources */ = {
			isa = PBXSourcesBuildPhase;
			buildActionMask = 2147483647;
			files = (
				8C14696A18D37D1100C0AF2F /* NDTViewController.m in Sources */,
				8C14696018D37D1100C0AF2F /* main.m in Sources */,
				8C14696418D37D1100C0AF2F /* NDTAppDelegate.m in Sources */,
				8C14698E18D37E1F00C0AF2F /* BLE.m in Sources */,
			);
			runOnlyForDeploymentPostprocessing = 0;
		};
		8C14696D18D37D1100C0AF2F /* Sources */ = {
			isa = PBXSourcesBuildPhase;
			buildActionMask = 2147483647;
			files = (
				8C14697F18D37D1100C0AF2F /* TekHouseTests.m in Sources */,
			);
			runOnlyForDeploymentPostprocessing = 0;
		};
/* End PBXSourcesBuildPhase section */

/* Begin PBXTargetDependency section */
		8C14697718D37D1100C0AF2F /* PBXTargetDependency */ = {
			isa = PBXTargetDependency;
			target = 8C14694F18D37D1100C0AF2F /* TekHouse */;
			targetProxy = 8C14697618D37D1100C0AF2F /* PBXContainerItemProxy */;
		};
/* End PBXTargetDependency section */

/* Begin PBXVariantGroup section */
		8C14695C18D37D1100C0AF2F /* InfoPlist.strings */ = {
			isa = PBXVariantGroup;
			children = (
				8C14695D18D37D1100C0AF2F /* en */,
			);
			name = InfoPlist.strings;
			sourceTree = "<group>";
		};
		8C14696518D37D1100C0AF2F /* Main.storyboard */ = {
			isa = PBXVariantGroup;
			children = (
				8C14696618D37D1100C0AF2F /* Base */,
			);
			name = Main.storyboard;
			sourceTree = "<group>";
		};
		8C14697B18D37D1100C0AF2F /* InfoPlist.strings */ = {
			isa = PBXVariantGroup;
			children = (
				8C14697C18D37D1100C0AF2F /* en */,
			);
			name = InfoPlist.strings;
			sourceTree = "<group>";
		};
/* End PBXVariantGroup section */

/* Begin XCBuildConfiguration section */
		8C14698018D37D1100C0AF2F /* Debug */ = {
			isa = XCBuildConfiguration;
			buildSettings = {
				ALWAYS_SEARCH_USER_PATHS = NO;
				CLANG_CXX_LANGUAGE_STANDARD = "gnu++0x";
				CLANG_CXX_LIBRARY = "libc++";
				CLANG_ENABLE_MODULES = YES;
				CLANG_ENABLE_OBJC_ARC = YES;
				CLANG_WARN_BOOL_CONVERSION = YES;
				CLANG_WARN_CONSTANT_CONVERSION = YES;
				CLANG_WARN_DIRECT_OBJC_ISA_USAGE = YES_ERROR;
				CLANG_WARN_EMPTY_BODY = YES;
				CLANG_WARN_ENUM_CONVERSION = YES;
				CLANG_WARN_INT_CONVERSION = YES;
				CLANG_WARN_OBJC_ROOT_CLASS = YES_ERROR;
				CLANG_WARN__DUPLICATE_METHOD_MATCH = YES;
				"CODE_SIGN_IDENTITY[sdk=iphoneos*]" = "iPhone Developer";
				COPY_PHASE_STRIP = NO;
				GCC_C_LANGUAGE_STANDARD = gnu99;
				GCC_DYNAMIC_NO_PIC = NO;
				GCC_OPTIMIZATION_LEVEL = 0;
				GCC_PREPROCESSOR_DEFINITIONS = (
					"DEBUG=1",
					"$(inherited)",
				);
				GCC_SYMBOLS_PRIVATE_EXTERN = NO;
				GCC_WARN_64_TO_32_BIT_CONVERSION = YES;
				GCC_WARN_ABOUT_RETURN_TYPE = YES_ERROR;
				GCC_WARN_UNDECLARED_SELECTOR = YES;
				GCC_WARN_UNINITIALIZED_AUTOS = YES_AGGRESSIVE;
				GCC_WARN_UNUSED_FUNCTION = YES;
				GCC_WARN_UNUSED_VARIABLE = YES;
				IPHONEOS_DEPLOYMENT_TARGET = 7.1;
				ONLY_ACTIVE_ARCH = YES;
				SDKROOT = iphoneos;
			};
			name = Debug;
		};
		8C14698118D37D1100C0AF2F /* Release */ = {
			isa = XCBuildConfiguration;
			buildSettings = {
				ALWAYS_SEARCH_USER_PATHS = NO;
				CLANG_CXX_LANGUAGE_STANDARD = "gnu++0x";
				CLANG_CXX_LIBRARY = "libc++";
				CLANG_ENABLE_MODULES = YES;
				CLANG_ENABLE_OBJC_ARC = YES;
				CLANG_WARN_BOOL_CONVERSION = YES;
				CLANG_WARN_CONSTANT_CONVERSION = YES;
				CLANG_WARN_DIRECT_OBJC_ISA_USAGE = YES_ERROR;
				CLANG_WARN_EMPTY_BODY = YES;
				CLANG_WARN_ENUM_CONVERSION = YES;
				CLANG_WARN_INT_CONVERSION = YES;
				CLANG_WARN_OBJC_ROOT_CLASS = YES_ERROR;
				CLANG_WARN__DUPLICATE_METHOD_MATCH = YES;
				"CODE_SIGN_IDENTITY[sdk=iphoneos*]" = "iPhone Developer";
				COPY_PHASE_STRIP = YES;
				ENABLE_NS_ASSERTIONS = NO;
				GCC_C_LANGUAGE_STANDARD = gnu99;
				GCC_WARN_64_TO_32_BIT_CONVERSION = YES;
				GCC_WARN_ABOUT_RETURN_TYPE = YES_ERROR;
				GCC_WARN_UNDECLARED_SELECTOR = YES;
				GCC_WARN_UNINITIALIZED_AUTOS = YES_AGGRESSIVE;
				GCC_WARN_UNUSED_FUNCTION = YES;
				GCC_WARN_UNUSED_VARIABLE = YES;
				IPHONEOS_DEPLOYMENT_TARGET = 7.1;
				SDKROOT = iphoneos;
				VALIDATE_PRODUCT = YES;
			};
			name = Release;
		};
		8C14698318D37D1100C0AF2F /* Debug */ = {
			isa = XCBuildConfiguration;
			buildSettings = {
				ASSETCATALOG_COMPILER_APPICON_NAME = AppIcon;
				ASSETCATALOG_COMPILER_LAUNCHIMAGE_NAME = LaunchImage;
				GCC_PRECOMPILE_PREFIX_HEADER = YES;
				GCC_PREFIX_HEADER = "TekHouse/TekHouse-Prefix.pch";
				INFOPLIST_FILE = "TekHouse/TekHouse-Info.plist";
				PRODUCT_NAME = "$(TARGET_NAME)";
				WRAPPER_EXTENSION = app;
			};
			name = Debug;
		};
		8C14698418D37D1100C0AF2F /* Release */ = {
			isa = XCBuildConfiguration;
			buildSettings = {
				ASSETCATALOG_COMPILER_APPICON_NAME = AppIcon;
				ASSETCATALOG_COMPILER_LAUNCHIMAGE_NAME = LaunchImage;
				GCC_PRECOMPILE_PREFIX_HEADER = YES;
				GCC_PREFIX_HEADER = "TekHouse/TekHouse-Prefix.pch";
				INFOPLIST_FILE = "TekHouse/TekHouse-Info.plist";
				PRODUCT_NAME = "$(TARGET_NAME)";
				WRAPPER_EXTENSION = app;
			};
			name = Release;
		};
		8C14698618D37D1100C0AF2F /* Debug */ = {
			isa = XCBuildConfiguration;
			buildSettings = {
				BUNDLE_LOADER = "$(BUILT_PRODUCTS_DIR)/TekHouse.app/TekHouse";
				FRAMEWORK_SEARCH_PATHS = (
					"$(SDKROOT)/Developer/Library/Frameworks",
					"$(inherited)",
					"$(DEVELOPER_FRAMEWORKS_DIR)",
				);
				GCC_PRECOMPILE_PREFIX_HEADER = YES;
				GCC_PREFIX_HEADER = "TekHouse/TekHouse-Prefix.pch";
				GCC_PREPROCESSOR_DEFINITIONS = (
					"DEBUG=1",
					"$(inherited)",
				);
				INFOPLIST_FILE = "TekHouseTests/TekHouseTests-Info.plist";
				PRODUCT_NAME = "$(TARGET_NAME)";
				TEST_HOST = "$(BUNDLE_LOADER)";
				WRAPPER_EXTENSION = xctest;
			};
			name = Debug;
		};
		8C14698718D37D1100C0AF2F /* Release */ = {
			isa = XCBuildConfiguration;
			buildSettings = {
				BUNDLE_LOADER = "$(BUILT_PRODUCTS_DIR)/TekHouse.app/TekHouse";
				FRAMEWORK_SEARCH_PATHS = (
					"$(SDKROOT)/Developer/Library/Frameworks",
					"$(inherited)",
					"$(DEVELOPER_FRAMEWORKS_DIR)",
				);
				GCC_PRECOMPILE_PREFIX_HEADER = YES;
				GCC_PREFIX_HEADER = "TekHouse/TekHouse-Prefix.pch";
				INFOPLIST_FILE = "TekHouseTests/TekHouseTests-Info.plist";
				PRODUCT_NAME = "$(TARGET_NAME)";
				TEST_HOST = "$(BUNDLE_LOADER)";
				WRAPPER_EXTENSION = xctest;
			};
			name = Release;
		};
/* End XCBuildConfiguration section */

/* Begin XCConfigurationList section */
		8C14694B18D37D1100C0AF2F /* Build configuration list for PBXProject "TekHouse" */ = {
			isa = XCConfigurationList;
			buildConfigurations = (
				8C14698018D37D1100C0AF2F /* Debug */,
				8C14698118D37D1100C0AF2F /* Release */,
			);
			defaultConfigurationIsVisible = 0;
			defaultConfigurationName = Release;
		};
		8C14698218D37D1100C0AF2F /* Build configuration list for PBXNativeTarget "TekHouse" */ = {
			isa = XCConfigurationList;
			buildConfigurations = (
				8C14698318D37D1100C0AF2F /* Debug */,
				8C14698418D37D1100C0AF2F /* Release */,
			);
			defaultConfigurationIsVisible = 0;
		};
		8C14698518D37D1100C0AF2F /* Build configuration list for PBXNativeTarget "TekHouseTests" */ = {
			isa = XCConfigurationList;
			buildConfigurations = (
				8C14698618D37D1100C0AF2F /* Debug */,
				8C14698718D37D1100C0AF2F /* Release */,
			);
			defaultConfigurationIsVisible = 0;
		};
/* End XCConfigurationList section */
	};
	rootObject = 8C14694818D37D1100C0AF2F /* Project object */;
}
